
Microsoft Visual Studio Solution File, Format Version 12.00
# Visual Studio Version 17
VisualStudioVersion = 17.8.34309.116
MinimumVisualStudioVersion = 10.0.40219.1
Project("{FAE04EC0-301F-11D3-BF4B-00C04F79EFBC}") = "xNotePad", "xNotePad\xNotePad.csproj", "{86236DA7-5E41-49F2-B729-9AEFADFF5C6F}"
EndProject
Global
	GlobalSection(SolutionConfigurationPlatforms) = preSolution
		Debug|Any CPU = Debug|Any CPU
		Release|Any CPU = Release|Any CPU
	EndGlobalSection
	GlobalSection(ProjectConfigurationPlatforms) = postSolution
		{86236DA7-5E41-49F2-B729-9AEFADFF5C6F}.Debug|Any CPU.ActiveCfg = Debug|Any CPU
		{86236DA7-5E41-49F2-B729-9AEFADFF5C6F}.Debug|Any CPU.Build.0 = Debug|Any CPU
		{86236DA7-5E41-49F2-B729-9AEFADFF5C6F}.Release|Any CPU.ActiveCfg = Release|Any CPU
		{86236DA7-5E41-49F2-B729-9AEFADFF5C6F}.Release|Any CPU.Build.0 = Release|Any CPU
	EndGlobalSection
	GlobalSection(SolutionProperties) = preSolution
		HideSolutionNode = FALSE
	EndGlobalSection
	GlobalSection(ExtensibilityGlobals) = postSolution
		SolutionGuid = {E39CB4A0-1C38-4441-908B-0BD092CE6C98}
	EndGlobalSection
EndGlobal
